// !$*UTF8*$!
{
	archiveVersion = 1;
	classes = {
	};
	objectVersion = 77;
	objects = {

/* Begin PBXBuildFile section */
		D451735C2E627CC70064B84E /* SubscriptionView.swift in Sources */ = {isa = PBXBuildFile; fileRef = D451735A2E627CC70064B84E /* SubscriptionView.swift */; };
		D451735D2E627CC70064B84E /* ReadingView.swift in Sources */ = {isa = PBXBuildFile; fileRef = D45173592E627CC70064B84E /* ReadingView.swift */; };
		D451735E2E627CC70064B84E /* ImageGenerator.swift in Sources */ = {isa = PBXBuildFile; fileRef = D45173562E627CC70064B84E /* ImageGenerator.swift */; };
		D451735F2E627CC70064B84E /* HomeView.swift in Sources */ = {isa = PBXBuildFile; fileRef = D45173582E627CC70064B84E /* HomeView.swift */; };
		D45173602E627CC70064B84E /* APIConfig.swift in Sources */ = {isa = PBXBuildFile; fileRef = D45173542E627CC70064B84E /* APIConfig.swift */; };
		D45173622E627CC70064B84E /* Verse.swift in Sources */ = {isa = PBXBuildFile; fileRef = D45173522E627CC70064B84E /* Verse.swift */; };
		D45173682E62844C0064B84E /* AppManagers.swift in Sources */ = {isa = PBXBuildFile; fileRef = D45173672E62844C0064B84E /* AppManagers.swift */; };
		D451736B2E62988C0064B84E /* BibleAPIService 2.swift in Sources */ = {isa = PBXBuildFile; fileRef = D45173692E62988C0064B84E /* BibleAPIService 2.swift */; };
		D451736C2E62988C0064B84E /* CollectionsManager 2.swift in Sources */ = {isa = PBXBuildFile; fileRef = D451736A2E62988C0064B84E /* CollectionsManager 2.swift */; };
		D451736F2E6298A90064B84E /* CollectionsView.swift in Sources */ = {isa = PBXBuildFile; fileRef = D451736E2E6298A90064B84E /* CollectionsView.swift */; };
		D45173702E6298A90064B84E /* CollectionDetailView.swift in Sources */ = {isa = PBXBuildFile; fileRef = D451736D2E6298A90064B84E /* CollectionDetailView.swift */; };
		D45173722E62A74C0064B84E /* USCCBLiturgicalService.swift in Sources */ = {isa = PBXBuildFile; fileRef = D45173712E62A74C0064B84E /* USCCBLiturgicalService.swift */; };
		D45173742E62AB6D0064B84E /* MassReadingsView.swift in Sources */ = {isa = PBXBuildFile; fileRef = D45173732E62AB6D0064B84E /* MassReadingsView.swift */; };
		D45173762E62B1280064B84E /* Saint.swift in Sources */ = {isa = PBXBuildFile; fileRef = D45173752E62B1280064B84E /* Saint.swift */; };
		D45173782E62B1340064B84E /* SaintService.swift in Sources */ = {isa = PBXBuildFile; fileRef = D45173772E62B1340064B84E /* SaintService.swift */; };
		D451737A2E62B1410064B84E /* SaintCardView.swift in Sources */ = {isa = PBXBuildFile; fileRef = D45173792E62B1410064B84E /* SaintCardView.swift */; };
		D451737C2E6329420064B84E /* DailyMassReadings.swift in Sources */ = {isa = PBXBuildFile; fileRef = D451737B2E6329420064B84E /* DailyMassReadings.swift */; };
/* End PBXBuildFile section */

/* Begin PBXFileReference section */
		D45173282E627C540064B84E /* DailyLight.app */ = {isa = PBXFileReference; explicitFileType = wrapper.application; includeInIndex = 0; path = DailyLight.app; sourceTree = BUILT_PRODUCTS_DIR; };
		D45173522E627CC70064B84E /* Verse.swift */ = {isa = PBXFileReference; lastKnownFileType = sourcecode.swift; path = Verse.swift; sourceTree = "<group>"; };
		D45173542E627CC70064B84E /* APIConfig.swift */ = {isa = PBXFileReference; lastKnownFileType = sourcecode.swift; path = APIConfig.swift; sourceTree = "<group>"; };
		D45173562E627CC70064B84E /* ImageGenerator.swift */ = {isa = PBXFileReference; lastKnownFileType = sourcecode.swift; path = ImageGenerator.swift; sourceTree = "<group>"; };
		D45173582E627CC70064B84E /* HomeView.swift */ = {isa = PBXFileReference; lastKnownFileType = sourcecode.swift; path = HomeView.swift; sourceTree = "<group>"; };
		D45173592E627CC70064B84E /* ReadingView.swift */ = {isa = PBXFileReference; lastKnownFileType = sourcecode.swift; path = ReadingView.swift; sourceTree = "<group>"; };
		D451735A2E627CC70064B84E /* SubscriptionView.swift */ = {isa = PBXFileReference; lastKnownFileType = sourcecode.swift; path = SubscriptionView.swift; sourceTree = "<group>"; };
		D45173672E62844C0064B84E /* AppManagers.swift */ = {isa = PBXFileReference; lastKnownFileType = sourcecode.swift; path = AppManagers.swift; sourceTree = "<group>"; };
		D45173692E62988C0064B84E /* BibleAPIService 2.swift */ = {isa = PBXFileReference; lastKnownFileType = sourcecode.swift; path = "BibleAPIService 2.swift"; sourceTree = "<group>"; };
		D451736A2E62988C0064B84E /* CollectionsManager 2.swift */ = {isa = PBXFileReference; lastKnownFileType = sourcecode.swift; path = "CollectionsManager 2.swift"; sourceTree = "<group>"; };
		D451736D2E6298A90064B84E /* CollectionDetailView.swift */ = {isa = PBXFileReference; lastKnownFileType = sourcecode.swift; path = CollectionDetailView.swift; sourceTree = "<group>"; };
		D451736E2E6298A90064B84E /* CollectionsView.swift */ = {isa = PBXFileReference; lastKnownFileType = sourcecode.swift; path = CollectionsView.swift; sourceTree = "<group>"; };
		D45173712E62A74C0064B84E /* USCCBLiturgicalService.swift */ = {isa = PBXFileReference; lastKnownFileType = sourcecode.swift; path = USCCBLiturgicalService.swift; sourceTree = "<group>"; };
		D45173732E62AB6D0064B84E /* MassReadingsView.swift */ = {isa = PBXFileReference; lastKnownFileType = sourcecode.swift; path = MassReadingsView.swift; sourceTree = "<group>"; };
		D45173752E62B1280064B84E /* Saint.swift */ = {isa = PBXFileReference; lastKnownFileType = sourcecode.swift; path = Saint.swift; sourceTree = "<group>"; };
		D45173772E62B1340064B84E /* SaintService.swift */ = {isa = PBXFileReference; lastKnownFileType = sourcecode.swift; path = SaintService.swift; sourceTree = "<group>"; };
		D45173792E62B1410064B84E /* SaintCardView.swift */ = {isa = PBXFileReference; lastKnownFileType = sourcecode.swift; path = SaintCardView.swift; sourceTree = "<group>"; };
		D451737B2E6329420064B84E /* DailyMassReadings.swift */ = {isa = PBXFileReference; lastKnownFileType = sourcecode.swift; path = DailyMassReadings.swift; sourceTree = "<group>"; };
/* End PBXFileReference section */

/* Begin PBXFileSystemSynchronizedRootGroup section */
		D451732A2E627C540064B84E /* DailyLight */ = {
			isa = PBXFileSystemSynchronizedRootGroup;
			path = DailyLight;
			sourceTree = "<group>";
		};
/* End PBXFileSystemSynchronizedRootGroup section */

/* Begin PBXFrameworksBuildPhase section */
		D45173252E627C540064B84E /* Frameworks */ = {
			isa = PBXFrameworksBuildPhase;
			buildActionMask = 2147483647;
			files = (
			);
			runOnlyForDeploymentPostprocessing = 0;
		};
/* End PBXFrameworksBuildPhase section */

/* Begin PBXGroup section */
		D451731F2E627C540064B84E = {
			isa = PBXGroup;
			children = (
				D45173532E627CC70064B84E /* Models */,
				D45173572E627CC70064B84E /* Services */,
				D451735B2E627CC70064B84E /* Views */,
				D451732A2E627C540064B84E /* DailyLight */,
				D45173292E627C540064B84E /* Products */,
			);
			sourceTree = "<group>";
		};
		D45173292E627C540064B84E /* Products */ = {
			isa = PBXGroup;
			children = (
				D45173282E627C540064B84E /* DailyLight.app */,
			);
			name = Products;
			sourceTree = "<group>";
		};
		D45173532E627CC70064B84E /* Models */ = {
			isa = PBXGroup;
			children = (
				D45173752E62B1280064B84E /* Saint.swift */,
				D45173522E627CC70064B84E /* Verse.swift */,
			);
			path = Models;
			sourceTree = "<group>";
		};
		D45173572E627CC70064B84E /* Services */ = {
			isa = PBXGroup;
			children = (
				D451737B2E6329420064B84E /* DailyMassReadings.swift */,
				D45173772E62B1340064B84E /* SaintService.swift */,
				D45173712E62A74C0064B84E /* USCCBLiturgicalService.swift */,
				D45173692E62988C0064B84E /* BibleAPIService 2.swift */,
				D451736A2E62988C0064B84E /* CollectionsManager 2.swift */,
				D45173672E62844C0064B84E /* AppManagers.swift */,
				D45173542E627CC70064B84E /* APIConfig.swift */,
				D45173562E627CC70064B84E /* ImageGenerator.swift */,
			);
			path = Services;
			sourceTree = "<group>";
		};
		D451735B2E627CC70064B84E /* Views */ = {
			isa = PBXGroup;
			children = (
				D45173792E62B1410064B84E /* SaintCardView.swift */,
				D45173732E62AB6D0064B84E /* MassReadingsView.swift */,
				D451736D2E6298A90064B84E /* CollectionDetailView.swift */,
				D451736E2E6298A90064B84E /* CollectionsView.swift */,
				D45173582E627CC70064B84E /* HomeView.swift */,
				D45173592E627CC70064B84E /* ReadingView.swift */,
				D451735A2E627CC70064B84E /* SubscriptionView.swift */,
			);
			path = Views;
			sourceTree = "<group>";
		};
/* End PBXGroup section */

/* Begin PBXNativeTarget section */
		D45173272E627C540064B84E /* DailyLight */ = {
			isa = PBXNativeTarget;
			buildConfigurationList = D45173492E627C560064B84E /* Build configuration list for PBXNativeTarget "DailyLight" */;
			buildPhases = (
				D45173242E627C540064B84E /* Sources */,
				D45173252E627C540064B84E /* Frameworks */,
				D45173262E627C540064B84E /* Resources */,
			);
			buildRules = (
			);
			dependencies = (
			);
			fileSystemSynchronizedGroups = (
				D451732A2E627C540064B84E /* DailyLight */,
			);
			name = DailyLight;
			packageProductDependencies = (
			);
			productName = DailyLight;
			productReference = D45173282E627C540064B84E /* DailyLight.app */;
			productType = "com.apple.product-type.application";
		};
/* End PBXNativeTarget section */

/* Begin PBXProject section */
		D45173202E627C540064B84E /* Project object */ = {
			isa = PBXProject;
			attributes = {
				BuildIndependentTargetsInParallel = 1;
				LastSwiftUpdateCheck = 1640;
				LastUpgradeCheck = 1640;
				TargetAttributes = {
					D45173272E627C540064B84E = {
						CreatedOnToolsVersion = 16.4;
					};
				};
			};
			buildConfigurationList = D45173232E627C540064B84E /* Build configuration list for PBXProject "DailyLight" */;
			developmentRegion = en;
			hasScannedForEncodings = 0;
			knownRegions = (
				en,
				Base,
			);
			mainGroup = D451731F2E627C540064B84E;
			minimizedProjectReferenceProxies = 1;
			preferredProjectObjectVersion = 77;
			productRefGroup = D45173292E627C540064B84E /* Products */;
			projectDirPath = "";
			projectRoot = "";
			targets = (
				D45173272E627C540064B84E /* DailyLight */,
			);
		};
/* End PBXProject section */

/* Begin PBXResourcesBuildPhase section */
		D45173262E627C540064B84E /* Resources */ = {
			isa = PBXResourcesBuildPhase;
			buildActionMask = 2147483647;
			files = (
			);
			runOnlyForDeploymentPostprocessing = 0;
		};
/* End PBXResourcesBuildPhase section */

/* Begin PBXSourcesBuildPhase section */
		D45173242E627C540064B84E /* Sources */ = {
			isa = PBXSourcesBuildPhase;
			buildActionMask = 2147483647;
			files = (
				D451736B2E62988C0064B84E /* BibleAPIService 2.swift in Sources */,
				D451736C2E62988C0064B84E /* CollectionsManager 2.swift in Sources */,
				D45173762E62B1280064B84E /* Saint.swift in Sources */,
				D451735C2E627CC70064B84E /* SubscriptionView.swift in Sources */,
				D451735D2E627CC70064B84E /* ReadingView.swift in Sources */,
				D45173682E62844C0064B84E /* AppManagers.swift in Sources */,
				D45173722E62A74C0064B84E /* USCCBLiturgicalService.swift in Sources */,
				D45173742E62AB6D0064B84E /* MassReadingsView.swift in Sources */,
				D451736F2E6298A90064B84E /* CollectionsView.swift in Sources */,
				D45173702E6298A90064B84E /* CollectionDetailView.swift in Sources */,
				D451737A2E62B1410064B84E /* SaintCardView.swift in Sources */,
				D451735E2E627CC70064B84E /* ImageGenerator.swift in Sources */,
				D451735F2E627CC70064B84E /* HomeView.swift in Sources */,
				D451737C2E6329420064B84E /* DailyMassReadings.swift in Sources */,
				D45173782E62B1340064B84E /* SaintService.swift in Sources */,
				D45173602E627CC70064B84E /* APIConfig.swift in Sources */,
				D45173622E627CC70064B84E /* Verse.swift in Sources */,
			);
			runOnlyForDeploymentPostprocessing = 0;
		};
/* End PBXSourcesBuildPhase section */

/* Begin XCBuildConfiguration section */
		D45173472E627C560064B84E /* Debug */ = {
			isa = XCBuildConfiguration;
			buildSettings = {
				ALWAYS_SEARCH_USER_PATHS = NO;
				ASSETCATALOG_COMPILER_GENERATE_SWIFT_ASSET_SYMBOL_EXTENSIONS = YES;
				CLANG_ANALYZER_NONNULL = YES;
				CLANG_ANALYZER_NUMBER_OBJECT_CONVERSION = YES_AGGRESSIVE;
				CLANG_CXX_LANGUAGE_STANDARD = "gnu++20";
				CLANG_ENABLE_MODULES = YES;
				CLANG_ENABLE_OBJC_ARC = YES;
				CLANG_ENABLE_OBJC_WEAK = YES;
				CLANG_WARN_BLOCK_CAPTURE_AUTORELEASING = YES;
				CLANG_WARN_BOOL_CONVERSION = YES;
				CLANG_WARN_COMMA = YES;
				CLANG_WARN_CONSTANT_CONVERSION = YES;
				CLANG_WARN_DEPRECATED_OBJC_IMPLEMENTATIONS = YES;
				CLANG_WARN_DIRECT_OBJC_ISA_USAGE = YES_ERROR;
				CLANG_WARN_DOCUMENTATION_COMMENTS = YES;
				CLANG_WARN_EMPTY_BODY = YES;
				CLANG_WARN_ENUM_CONVERSION = YES;
				CLANG_WARN_INFINITE_RECURSION = YES;
				CLANG_WARN_INT_CONVERSION = YES;
				CLANG_WARN_NON_LITERAL_NULL_CONVERSION = YES;
				CLANG_WARN_OBJC_IMPLICIT_RETAIN_SELF = YES;
				CLANG_WARN_OBJC_LITERAL_CONVERSION = YES;
				CLANG_WARN_OBJC_ROOT_CLASS = YES_ERROR;
				CLANG_WARN_QUOTED_INCLUDE_IN_FRAMEWORK_HEADER = YES;
				CLANG_WARN_RANGE_LOOP_ANALYSIS = YES;
				CLANG_WARN_STRICT_PROTOTYPES = YES;
				CLANG_WARN_SUSPICIOUS_MOVE = YES;
				CLANG_WARN_UNGUARDED_AVAILABILITY = YES_AGGRESSIVE;
				CLANG_WARN_UNREACHABLE_CODE = YES;
				CLANG_WARN__DUPLICATE_METHOD_MATCH = YES;
				COPY_PHASE_STRIP = NO;
				DEBUG_INFORMATION_FORMAT = dwarf;
				DEVELOPMENT_TEAM = J4KFGM39U5;
				ENABLE_STRICT_OBJC_MSGSEND = YES;
				ENABLE_TESTABILITY = YES;
				ENABLE_USER_SCRIPT_SANDBOXING = YES;
				GCC_C_LANGUAGE_STANDARD = gnu17;
				GCC_DYNAMIC_NO_PIC = NO;
				GCC_NO_COMMON_BLOCKS = YES;
				GCC_OPTIMIZATION_LEVEL = 0;
				GCC_PREPROCESSOR_DEFINITIONS = (
					"DEBUG=1",
					"$(inherited)",
				);
				GCC_WARN_64_TO_32_BIT_CONVERSION = YES;
				GCC_WARN_ABOUT_RETURN_TYPE = YES_ERROR;
				GCC_WARN_UNDECLARED_SELECTOR = YES;
				GCC_WARN_UNINITIALIZED_AUTOS = YES_AGGRESSIVE;
				GCC_WARN_UNUSED_FUNCTION = YES;
				GCC_WARN_UNUSED_VARIABLE = YES;
				IPHONEOS_DEPLOYMENT_TARGET = 18.5;
				LOCALIZATION_PREFERS_STRING_CATALOGS = YES;
				MTL_ENABLE_DEBUG_INFO = INCLUDE_SOURCE;
				MTL_FAST_MATH = YES;
				ONLY_ACTIVE_ARCH = YES;
				SDKROOT = iphoneos;
				SWIFT_ACTIVE_COMPILATION_CONDITIONS = "DEBUG $(inherited)";
				SWIFT_OPTIMIZATION_LEVEL = "-Onone";
			};
			name = Debug;
		};
		D45173482E627C560064B84E /* Release */ = {
			isa = XCBuildConfiguration;
			buildSettings = {
				ALWAYS_SEARCH_USER_PATHS = NO;
				ASSETCATALOG_COMPILER_GENERATE_SWIFT_ASSET_SYMBOL_EXTENSIONS = YES;
				CLANG_ANALYZER_NONNULL = YES;
				CLANG_ANALYZER_NUMBER_OBJECT_CONVERSION = YES_AGGRESSIVE;
				CLANG_CXX_LANGUAGE_STANDARD = "gnu++20";
				CLANG_ENABLE_MODULES = YES;
				CLANG_ENABLE_OBJC_ARC = YES;
				CLANG_ENABLE_OBJC_WEAK = YES;
				CLANG_WARN_BLOCK_CAPTURE_AUTORELEASING = YES;
				CLANG_WARN_BOOL_CONVERSION = YES;
				CLANG_WARN_COMMA = YES;
				CLANG_WARN_CONSTANT_CONVERSION = YES;
				CLANG_WARN_DEPRECATED_OBJC_IMPLEMENTATIONS = YES;
				CLANG_WARN_DIRECT_OBJC_ISA_USAGE = YES_ERROR;
				CLANG_WARN_DOCUMENTATION_COMMENTS = YES;
				CLANG_WARN_EMPTY_BODY = YES;
				CLANG_WARN_ENUM_CONVERSION = YES;
				CLANG_WARN_INFINITE_RECURSION = YES;
				CLANG_WARN_INT_CONVERSION = YES;
				CLANG_WARN_NON_LITERAL_NULL_CONVERSION = YES;
				CLANG_WARN_OBJC_IMPLICIT_RETAIN_SELF = YES;
				CLANG_WARN_OBJC_LITERAL_CONVERSION = YES;
				CLANG_WARN_OBJC_ROOT_CLASS = YES_ERROR;
				CLANG_WARN_QUOTED_INCLUDE_IN_FRAMEWORK_HEADER = YES;
				CLANG_WARN_RANGE_LOOP_ANALYSIS = YES;
				CLANG_WARN_STRICT_PROTOTYPES = YES;
				CLANG_WARN_SUSPICIOUS_MOVE = YES;
				CLANG_WARN_UNGUARDED_AVAILABILITY = YES_AGGRESSIVE;
				CLANG_WARN_UNREACHABLE_CODE = YES;
				CLANG_WARN__DUPLICATE_METHOD_MATCH = YES;
				COPY_PHASE_STRIP = NO;
				DEBUG_INFORMATION_FORMAT = "dwarf-with-dsym";
				DEVELOPMENT_TEAM = J4KFGM39U5;
				ENABLE_NS_ASSERTIONS = NO;
				ENABLE_STRICT_OBJC_MSGSEND = YES;
				ENABLE_USER_SCRIPT_SANDBOXING = YES;
				GCC_C_LANGUAGE_STANDARD = gnu17;
				GCC_NO_COMMON_BLOCKS = YES;
				GCC_WARN_64_TO_32_BIT_CONVERSION = YES;
				GCC_WARN_ABOUT_RETURN_TYPE = YES_ERROR;
				GCC_WARN_UNDECLARED_SELECTOR = YES;
				GCC_WARN_UNINITIALIZED_AUTOS = YES_AGGRESSIVE;
				GCC_WARN_UNUSED_FUNCTION = YES;
				GCC_WARN_UNUSED_VARIABLE = YES;
				IPHONEOS_DEPLOYMENT_TARGET = 18.5;
				LOCALIZATION_PREFERS_STRING_CATALOGS = YES;
				MTL_ENABLE_DEBUG_INFO = NO;
				MTL_FAST_MATH = YES;
				SDKROOT = iphoneos;
				SWIFT_COMPILATION_MODE = wholemodule;
				VALIDATE_PRODUCT = YES;
			};
			name = Release;
		};
		D451734A2E627C560064B84E /* Debug */ = {
			isa = XCBuildConfiguration;
			buildSettings = {
				ASSETCATALOG_COMPILER_APPICON_NAME = AppIcon;
				ASSETCATALOG_COMPILER_GLOBAL_ACCENT_COLOR_NAME = AccentColor;
				CODE_SIGN_STYLE = Automatic;
				CURRENT_PROJECT_VERSION = 1;
				DEVELOPMENT_TEAM = J4KFGM39U5;
				ENABLE_PREVIEWS = YES;
				GENERATE_INFOPLIST_FILE = YES;
				INFOPLIST_KEY_UIApplicationSceneManifest_Generation = YES;
				INFOPLIST_KEY_UIApplicationSupportsIndirectInputEvents = YES;
				INFOPLIST_KEY_UILaunchScreen_Generation = YES;
				INFOPLIST_KEY_UISupportedInterfaceOrientations_iPad = "UIInterfaceOrientationPortrait UIInterfaceOrientationPortraitUpsideDown UIInterfaceOrientationLandscapeLeft UIInterfaceOrientationLandscapeRight";
				INFOPLIST_KEY_UISupportedInterfaceOrientations_iPhone = "UIInterfaceOrientationPortrait UIInterfaceOrientationLandscapeLeft UIInterfaceOrientationLandscapeRight";
				LD_RUNPATH_SEARCH_PATHS = (
					"$(inherited)",
					"@executable_path/Frameworks",
				);
				MARKETING_VERSION = 1.0;
				PRODUCT_BUNDLE_IDENTIFIER = joeygrant.DailyLight;
				PRODUCT_NAME = "$(TARGET_NAME)";
				SWIFT_EMIT_LOC_STRINGS = YES;
				SWIFT_VERSION = 5.0;
				TARGETED_DEVICE_FAMILY = "1,2";
			};
			name = Debug;
		};
		D451734B2E627C560064B84E /* Release */ = {
			isa = XCBuildConfiguration;
			buildSettings = {
				ASSETCATALOG_COMPILER_APPICON_NAME = AppIcon;
				ASSETCATALOG_COMPILER_GLOBAL_ACCENT_COLOR_NAME = AccentColor;
				CODE_SIGN_STYLE = Automatic;
				CURRENT_PROJECT_VERSION = 1;
				DEVELOPMENT_TEAM = J4KFGM39U5;
				ENABLE_PREVIEWS = YES;
				GENERATE_INFOPLIST_FILE = YES;
				INFOPLIST_KEY_UIApplicationSceneManifest_Generation = YES;
				INFOPLIST_KEY_UIApplicationSupportsIndirectInputEvents = YES;
				INFOPLIST_KEY_UILaunchScreen_Generation = YES;
				INFOPLIST_KEY_UISupportedInterfaceOrientations_iPad = "UIInterfaceOrientationPortrait UIInterfaceOrientationPortraitUpsideDown UIInterfaceOrientationLandscapeLeft UIInterfaceOrientationLandscapeRight";
				INFOPLIST_KEY_UISupportedInterfaceOrientations_iPhone = "UIInterfaceOrientationPortrait UIInterfaceOrientationLandscapeLeft UIInterfaceOrientationLandscapeRight";
				LD_RUNPATH_SEARCH_PATHS = (
					"$(inherited)",
					"@executable_path/Frameworks",
				);
				MARKETING_VERSION = 1.0;
				PRODUCT_BUNDLE_IDENTIFIER = joeygrant.DailyLight;
				PRODUCT_NAME = "$(TARGET_NAME)";
				SWIFT_EMIT_LOC_STRINGS = YES;
				SWIFT_VERSION = 5.0;
				TARGETED_DEVICE_FAMILY = "1,2";
			};
			name = Release;
		};
/* End XCBuildConfiguration section */

/* Begin XCConfigurationList section */
		D45173232E627C540064B84E /* Build configuration list for PBXProject "DailyLight" */ = {
			isa = XCConfigurationList;
			buildConfigurations = (
				D45173472E627C560064B84E /* Debug */,
				D45173482E627C560064B84E /* Release */,
			);
			defaultConfigurationIsVisible = 0;
			defaultConfigurationName = Release;
		};
		D45173492E627C560064B84E /* Build configuration list for PBXNativeTarget "DailyLight" */ = {
			isa = XCConfigurationList;
			buildConfigurations = (
				D451734A2E627C560064B84E /* Debug */,
				D451734B2E627C560064B84E /* Release */,
			);
			defaultConfigurationIsVisible = 0;
			defaultConfigurationName = Release;
		};
/* End XCConfigurationList section */
	};
	rootObject = D45173202E627C540064B84E /* Project object */;
}
